
Microsoft Visual Studio Solution File, Format Version 11.00
# Visual Studio 2010
Project("{8BC9CEB8-8B4A-11D0-8D11-00A0C91BC942}") = "Cupcake", "Cupcake\Cupcake.vcxproj", "{76AB14AD-E583-4C9B-985B-A6FB336189DA}"
	ProjectSection(ProjectDependencies) = postProject
		{0DF90E27-088E-4FEA-ACEC-9F9BAA75ABDB} = {0DF90E27-088E-4FEA-ACEC-9F9BAA75ABDB}
		{A84ECC2C-57C1-4E63-9970-4BD53468A572} = {A84ECC2C-57C1-4E63-9970-4BD53468A572}
		{4CBDAB7B-23BD-40D9-923B-9D409AA2DA9A} = {4CBDAB7B-23BD-40D9-923B-9D409AA2DA9A}
	EndProjectSection
EndProject
Project("{8BC9CEB8-8B4A-11D0-8D11-00A0C91BC942}") = "Framework", "Framework\Framework.vcxproj", "{0DF90E27-088E-4FEA-ACEC-9F9BAA75ABDB}"
EndProject
Project("{8BC9CEB8-8B4A-11D0-8D11-00A0C91BC942}") = "Platform", "Platform\Platform.vcxproj", "{A84ECC2C-57C1-4E63-9970-4BD53468A572}"
EndProject
Project("{8BC9CEB8-8B4A-11D0-8D11-00A0C91BC942}") = "Player", "Player\Player.vcxproj", "{4CBDAB7B-23BD-40D9-923B-9D409AA2DA9A}"
EndProject
Project("{8BC9CEB8-8B4A-11D0-8D11-00A0C91BC942}") = "Mouse", "Mouse\Mouse.vcxproj", "{854D03A0-F808-4790-AAB3-A1842B8DFEED}"
EndProject
Project("{8BC9CEB8-8B4A-11D0-8D11-00A0C91BC942}") = "Cake", "Cake\Cake.vcxproj", "{9CFD160C-7FA4-482F-9B18-34AAB16D737A}"
EndProject
Project("{8BC9CEB8-8B4A-11D0-8D11-00A0C91BC942}") = "SmallPhysics", "SmallPhysics\SmallPhysics.vcxproj", "{7BC1A7B3-7008-4E50-B84C-F03F9353413B}"
EndProject
Project("{8BC9CEB8-8B4A-11D0-8D11-00A0C91BC942}") = "Sprite", "Sprite\Sprite.vcxproj", "{B20A6DDE-A49D-4F85-8C4B-CE3901FF96AD}"
EndProject
Project("{8BC9CEB8-8B4A-11D0-8D11-00A0C91BC942}") = "FatMeterArrow", "FatMeterArrow\FatMeterArrow.vcxproj", "{AF9CBB8F-F68B-497B-8646-75317E16F61A}"
EndProject
Project("{8BC9CEB8-8B4A-11D0-8D11-00A0C91BC942}") = "Cloud", "Cloud\Cloud.vcxproj", "{23A492B8-F924-4A2D-B78D-3FFDA31769A6}"
EndProject
Global
	GlobalSection(SolutionConfigurationPlatforms) = preSolution
		Debug|Win32 = Debug|Win32
		Release|Win32 = Release|Win32
	EndGlobalSection
	GlobalSection(ProjectConfigurationPlatforms) = postSolution
		{76AB14AD-E583-4C9B-985B-A6FB336189DA}.Debug|Win32.ActiveCfg = Debug|Win32
		{76AB14AD-E583-4C9B-985B-A6FB336189DA}.Debug|Win32.Build.0 = Debug|Win32
		{76AB14AD-E583-4C9B-985B-A6FB336189DA}.Release|Win32.ActiveCfg = Release|Win32
		{76AB14AD-E583-4C9B-985B-A6FB336189DA}.Release|Win32.Build.0 = Release|Win32
		{0DF90E27-088E-4FEA-ACEC-9F9BAA75ABDB}.Debug|Win32.ActiveCfg = Debug|Win32
		{0DF90E27-088E-4FEA-ACEC-9F9BAA75ABDB}.Debug|Win32.Build.0 = Debug|Win32
		{0DF90E27-088E-4FEA-ACEC-9F9BAA75ABDB}.Release|Win32.ActiveCfg = Release|Win32
		{0DF90E27-088E-4FEA-ACEC-9F9BAA75ABDB}.Release|Win32.Build.0 = Release|Win32
		{A84ECC2C-57C1-4E63-9970-4BD53468A572}.Debug|Win32.ActiveCfg = Debug|Win32
		{A84ECC2C-57C1-4E63-9970-4BD53468A572}.Debug|Win32.Build.0 = Debug|Win32
		{A84ECC2C-57C1-4E63-9970-4BD53468A572}.Release|Win32.ActiveCfg = Release|Win32
		{A84ECC2C-57C1-4E63-9970-4BD53468A572}.Release|Win32.Build.0 = Release|Win32
		{4CBDAB7B-23BD-40D9-923B-9D409AA2DA9A}.Debug|Win32.ActiveCfg = Debug|Win32
		{4CBDAB7B-23BD-40D9-923B-9D409AA2DA9A}.Debug|Win32.Build.0 = Debug|Win32
		{4CBDAB7B-23BD-40D9-923B-9D409AA2DA9A}.Release|Win32.ActiveCfg = Release|Win32
		{4CBDAB7B-23BD-40D9-923B-9D409AA2DA9A}.Release|Win32.Build.0 = Release|Win32
		{854D03A0-F808-4790-AAB3-A1842B8DFEED}.Debug|Win32.ActiveCfg = Debug|Win32
		{854D03A0-F808-4790-AAB3-A1842B8DFEED}.Debug|Win32.Build.0 = Debug|Win32
		{854D03A0-F808-4790-AAB3-A1842B8DFEED}.Release|Win32.ActiveCfg = Release|Win32
		{854D03A0-F808-4790-AAB3-A1842B8DFEED}.Release|Win32.Build.0 = Release|Win32
		{9CFD160C-7FA4-482F-9B18-34AAB16D737A}.Debug|Win32.ActiveCfg = Debug|Win32
		{9CFD160C-7FA4-482F-9B18-34AAB16D737A}.Debug|Win32.Build.0 = Debug|Win32
		{9CFD160C-7FA4-482F-9B18-34AAB16D737A}.Release|Win32.ActiveCfg = Release|Win32
		{9CFD160C-7FA4-482F-9B18-34AAB16D737A}.Release|Win32.Build.0 = Release|Win32
		{7BC1A7B3-7008-4E50-B84C-F03F9353413B}.Debug|Win32.ActiveCfg = Debug|Win32
		{7BC1A7B3-7008-4E50-B84C-F03F9353413B}.Debug|Win32.Build.0 = Debug|Win32
		{7BC1A7B3-7008-4E50-B84C-F03F9353413B}.Release|Win32.ActiveCfg = Release|Win32
		{7BC1A7B3-7008-4E50-B84C-F03F9353413B}.Release|Win32.Build.0 = Release|Win32
		{B20A6DDE-A49D-4F85-8C4B-CE3901FF96AD}.Debug|Win32.ActiveCfg = Debug|Win32
		{B20A6DDE-A49D-4F85-8C4B-CE3901FF96AD}.Debug|Win32.Build.0 = Debug|Win32
		{B20A6DDE-A49D-4F85-8C4B-CE3901FF96AD}.Release|Win32.ActiveCfg = Release|Win32
		{B20A6DDE-A49D-4F85-8C4B-CE3901FF96AD}.Release|Win32.Build.0 = Release|Win32
		{AF9CBB8F-F68B-497B-8646-75317E16F61A}.Debug|Win32.ActiveCfg = Debug|Win32
		{AF9CBB8F-F68B-497B-8646-75317E16F61A}.Debug|Win32.Build.0 = Debug|Win32
		{AF9CBB8F-F68B-497B-8646-75317E16F61A}.Release|Win32.ActiveCfg = Release|Win32
		{AF9CBB8F-F68B-497B-8646-75317E16F61A}.Release|Win32.Build.0 = Release|Win32
		{23A492B8-F924-4A2D-B78D-3FFDA31769A6}.Debug|Win32.ActiveCfg = Debug|Win32
		{23A492B8-F924-4A2D-B78D-3FFDA31769A6}.Debug|Win32.Build.0 = Debug|Win32
		{23A492B8-F924-4A2D-B78D-3FFDA31769A6}.Release|Win32.ActiveCfg = Release|Win32
		{23A492B8-F924-4A2D-B78D-3FFDA31769A6}.Release|Win32.Build.0 = Release|Win32
	EndGlobalSection
	GlobalSection(SolutionProperties) = preSolution
		HideSolutionNode = FALSE
	EndGlobalSection
EndGlobal
